
Microsoft Visual Studio Solution File, Format Version 12.00
# Visual Studio 15
VisualStudioVersion = 15.0.26430.12
MinimumVisualStudioVersion = 10.0.40219.1
Project("{FAE04EC0-301F-11D3-BF4B-00C04F79EFBC}") = "CryPixivClient", "CryPixivClient\CryPixivClient.csproj", "{6AD516EB-5511-47F7-AE68-131920669783}"
EndProject
Project("{FAE04EC0-301F-11D3-BF4B-00C04F79EFBC}") = "Pixeez", "Pixeez\Pixeez.csproj", "{06950FE8-5F63-4931-83DF-B70002281CB5}"
EndProject
Project("{FAE04EC0-301F-11D3-BF4B-00C04F79EFBC}") = "CryPixivUpdater", "CryPixivUpdater\CryPixivUpdater.csproj", "{9ECCC98D-4453-44F6-B9A8-4D2BF3104174}"
EndProject
Global
	GlobalSection(SolutionConfigurationPlatforms) = preSolution
		Debug|Any CPU = Debug|Any CPU
		Release|Any CPU = Release|Any CPU
	EndGlobalSection
	GlobalSection(ProjectConfigurationPlatforms) = postSolution
		{6AD516EB-5511-47F7-AE68-131920669783}.Debug|Any CPU.ActiveCfg = Debug|Any CPU
		{6AD516EB-5511-47F7-AE68-131920669783}.Debug|Any CPU.Build.0 = Debug|Any CPU
		{6AD516EB-5511-47F7-AE68-131920669783}.Release|Any CPU.ActiveCfg = Release|Any CPU
		{6AD516EB-5511-47F7-AE68-131920669783}.Release|Any CPU.Build.0 = Release|Any CPU
		{6AD516EB-5511-47F7-AE68-131920669783}.Release|Any CPU.Deploy.0 = Release|Any CPU
		{06950FE8-5F63-4931-83DF-B70002281CB5}.Debug|Any CPU.ActiveCfg = Debug|Any CPU
		{06950FE8-5F63-4931-83DF-B70002281CB5}.Debug|Any CPU.Build.0 = Debug|Any CPU
		{06950FE8-5F63-4931-83DF-B70002281CB5}.Release|Any CPU.ActiveCfg = Release|Any CPU
		{06950FE8-5F63-4931-83DF-B70002281CB5}.Release|Any CPU.Build.0 = Release|Any CPU
		{9ECCC98D-4453-44F6-B9A8-4D2BF3104174}.Debug|Any CPU.ActiveCfg = Debug|Any CPU
		{9ECCC98D-4453-44F6-B9A8-4D2BF3104174}.Debug|Any CPU.Build.0 = Debug|Any CPU
		{9ECCC98D-4453-44F6-B9A8-4D2BF3104174}.Release|Any CPU.ActiveCfg = Release|Any CPU
		{9ECCC98D-4453-44F6-B9A8-4D2BF3104174}.Release|Any CPU.Build.0 = Release|Any CPU
	EndGlobalSection
	GlobalSection(SolutionProperties) = preSolution
		HideSolutionNode = FALSE
	EndGlobalSection
EndGlobal
